// !$*UTF8*$!
{
	archiveVersion = 1;
	classes = {
	};
	objectVersion = 46;
	objects = {

/* Begin PBXBuildFile section */
		0326D33F1AC5557D0034391C /* main.swift in Sources */ = {isa = PBXBuildFile; fileRef = 0326D33E1AC5557D0034391C /* main.swift */; };
/* End PBXBuildFile section */

/* Begin PBXCopyFilesBuildPhase section */
		0326D3391AC5557D0034391C /* CopyFiles */ = {
			isa = PBXCopyFilesBuildPhase;
			buildActionMask = 2147483647;
			dstPath = /usr/share/man/man1/;
			dstSubfolderSpec = 0;
			files = (
			);
			runOnlyForDeploymentPostprocessing = 1;
		};
/* End PBXCopyFilesBuildPhase section */

/* Begin PBXFileReference section */
		0326D33B1AC5557D0034391C /* dela-eRedovisning */ = {isa = PBXFileReference; explicitFileType = "compiled.mach-o.executable"; includeInIndex = 0; path = "dela-eRedovisning"; sourceTree = BUILT_PRODUCTS_DIR; };
		0326D33E1AC5557D0034391C /* main.swift */ = {isa = PBXFileReference; lastKnownFileType = sourcecode.swift; path = main.swift; sourceTree = "<group>"; };
		0367C9731B4D752100374C28 /* README.md */ = {isa = PBXFileReference; fileEncoding = 4; lastKnownFileType = net.daringfireball.markdown; path = README.md; sourceTree = "<group>"; };
/* End PBXFileReference section */

/* Begin PBXFrameworksBuildPhase section */
		0326D3381AC5557D0034391C /* Frameworks */ = {
			isa = PBXFrameworksBuildPhase;
			buildActionMask = 2147483647;
			files = (
			);
			runOnlyForDeploymentPostprocessing = 0;
		};
/* End PBXFrameworksBuildPhase section */

/* Begin PBXGroup section */
		0326D3321AC5557D0034391C = {
			isa = PBXGroup;
			children = (
				0367C9731B4D752100374C28 /* README.md */,
				0326D33D1AC5557D0034391C /* dela-eRedovisning */,
				0326D33C1AC5557D0034391C /* Products */,
			);
			sourceTree = "<group>";
		};
		0326D33C1AC5557D0034391C /* Products */ = {
			isa = PBXGroup;
			children = (
				0326D33B1AC5557D0034391C /* dela-eRedovisning */,
			);
			name = Products;
			sourceTree = "<group>";
		};
		0326D33D1AC5557D0034391C /* dela-eRedovisning */ = {
			isa = PBXGroup;
			children = (
				0326D33E1AC5557D0034391C /* main.swift */,
			);
			path = "dela-eRedovisning";
			sourceTree = "<group>";
		};
/* End PBXGroup section */

/* Begin PBXNativeTarget section */
		0326D33A1AC5557D0034391C /* dela-eRedovisning */ = {
			isa = PBXNativeTarget;
			buildConfigurationList = 0326D3421AC5557D0034391C /* Build configuration list for PBXNativeTarget "dela-eRedovisning" */;
			buildPhases = (
				0326D3371AC5557D0034391C /* Sources */,
				0326D3381AC5557D0034391C /* Frameworks */,
				0326D3391AC5557D0034391C /* CopyFiles */,
			);
			buildRules = (
			);
			dependencies = (
			);
			name = "dela-eRedovisning";
			productName = "dela-eRedovisning";
			productReference = 0326D33B1AC5557D0034391C /* dela-eRedovisning */;
			productType = "com.apple.product-type.tool";
		};
/* End PBXNativeTarget section */

/* Begin PBXProject section */
		0326D3331AC5557D0034391C /* Project object */ = {
			isa = PBXProject;
			attributes = {
				LastUpgradeCheck = 0610;
				ORGANIZATIONNAME = "Aderstedt Software AB";
				TargetAttributes = {
					0326D33A1AC5557D0034391C = {
						CreatedOnToolsVersion = 6.1;
					};
				};
			};
			buildConfigurationList = 0326D3361AC5557D0034391C /* Build configuration list for PBXProject "dela-eRedovisning" */;
			compatibilityVersion = "Xcode 3.2";
			developmentRegion = English;
			hasScannedForEncodings = 0;
			knownRegions = (
				en,
			);
			mainGroup = 0326D3321AC5557D0034391C;
			productRefGroup = 0326D33C1AC5557D0034391C /* Products */;
			projectDirPath = "";
			projectRoot = "";
			targets = (
				0326D33A1AC5557D0034391C /* dela-eRedovisning */,
			);
		};
/* End PBXProject section */

/* Begin PBXSourcesBuildPhase section */
		0326D3371AC5557D0034391C /* Sources */ = {
			isa = PBXSourcesBuildPhase;
			buildActionMask = 2147483647;
			files = (
				0326D33F1AC5557D0034391C /* main.swift in Sources */,
			);
			runOnlyForDeploymentPostprocessing = 0;
		};
/* End PBXSourcesBuildPhase section */

/* Begin XCBuildConfiguration section */
		0326D3401AC5557D0034391C /* Debug */ = {
			isa = XCBuildConfiguration;
			buildSettings = {
				ALWAYS_SEARCH_USER_PATHS = NO;
				CLANG_CXX_LANGUAGE_STANDARD = "gnu++0x";
				CLANG_CXX_LIBRARY = "libc++";
				CLANG_ENABLE_MODULES = YES;
				CLANG_ENABLE_OBJC_ARC = YES;
				CLANG_WARN_BOOL_CONVERSION = YES;
				CLANG_WARN_CONSTANT_CONVERSION = YES;
				CLANG_WARN_DIRECT_OBJC_ISA_USAGE = YES_ERROR;
				CLANG_WARN_EMPTY_BODY = YES;
				CLANG_WARN_ENUM_CONVERSION = YES;
				CLANG_WARN_INT_CONVERSION = YES;
				CLANG_WARN_OBJC_ROOT_CLASS = YES_ERROR;
				CLANG_WARN_UNREACHABLE_CODE = YES;
				CLANG_WARN__DUPLICATE_METHOD_MATCH = YES;
				COPY_PHASE_STRIP = NO;
				ENABLE_STRICT_OBJC_MSGSEND = YES;
				GCC_C_LANGUAGE_STANDARD = gnu99;
				GCC_DYNAMIC_NO_PIC = NO;
				GCC_OPTIMIZATION_LEVEL = 0;
				GCC_PREPROCESSOR_DEFINITIONS = (
					"DEBUG=1",
					"$(inherited)",
				);
				GCC_SYMBOLS_PRIVATE_EXTERN = NO;
				GCC_WARN_64_TO_32_BIT_CONVERSION = YES;
				GCC_WARN_ABOUT_RETURN_TYPE = YES_ERROR;
				GCC_WARN_UNDECLARED_SELECTOR = YES;
				GCC_WARN_UNINITIALIZED_AUTOS = YES_AGGRESSIVE;
				GCC_WARN_UNUSED_FUNCTION = YES;
				GCC_WARN_UNUSED_VARIABLE = YES;
				MACOSX_DEPLOYMENT_TARGET = 10.10;
				MTL_ENABLE_DEBUG_INFO = YES;
				ONLY_ACTIVE_ARCH = YES;
				SDKROOT = macosx;
				SWIFT_OPTIMIZATION_LEVEL = "-Onone";
			};
			name = Debug;
		};
		0326D3411AC5557D0034391C /* Release */ = {
			isa = XCBuildConfiguration;
			buildSettings = {
				ALWAYS_SEARCH_USER_PATHS = NO;
				CLANG_CXX_LANGUAGE_STANDARD = "gnu++0x";
				CLANG_CXX_LIBRARY = "libc++";
				CLANG_ENABLE_MODULES = YES;
				CLANG_ENABLE_OBJC_ARC = YES;
				CLANG_WARN_BOOL_CONVERSION = YES;
				CLANG_WARN_CONSTANT_CONVERSION = YES;
				CLANG_WARN_DIRECT_OBJC_ISA_USAGE = YES_ERROR;
				CLANG_WARN_EMPTY_BODY = YES;
				CLANG_WARN_ENUM_CONVERSION = YES;
				CLANG_WARN_INT_CONVERSION = YES;
				CLANG_WARN_OBJC_ROOT_CLASS = YES_ERROR;
				CLANG_WARN_UNREACHABLE_CODE = YES;
				CLANG_WARN__DUPLICATE_METHOD_MATCH = YES;
				COPY_PHASE_STRIP = YES;
				DEBUG_INFORMATION_FORMAT = "dwarf-with-dsym";
				ENABLE_NS_ASSERTIONS = NO;
				ENABLE_STRICT_OBJC_MSGSEND = YES;
				GCC_C_LANGUAGE_STANDARD = gnu99;
				GCC_WARN_64_TO_32_BIT_CONVERSION = YES;
				GCC_WARN_ABOUT_RETURN_TYPE = YES_ERROR;
				GCC_WARN_UNDECLARED_SELECTOR = YES;
				GCC_WARN_UNINITIALIZED_AUTOS = YES_AGGRESSIVE;
				GCC_WARN_UNUSED_FUNCTION = YES;
				GCC_WARN_UNUSED_VARIABLE = YES;
				MACOSX_DEPLOYMENT_TARGET = 10.10;
				MTL_ENABLE_DEBUG_INFO = NO;
				SDKROOT = macosx;
			};
			name = Release;
		};
		0326D3431AC5557D0034391C /* Debug */ = {
			isa = XCBuildConfiguration;
			buildSettings = {
				PRODUCT_NAME = "$(TARGET_NAME)";
			};
			name = Debug;
		};
		0326D3441AC5557D0034391C /* Release */ = {
			isa = XCBuildConfiguration;
			buildSettings = {
				PRODUCT_NAME = "$(TARGET_NAME)";
			};
			name = Release;
		};
/* End XCBuildConfiguration section */

/* Begin XCConfigurationList section */
		0326D3361AC5557D0034391C /* Build configuration list for PBXProject "dela-eRedovisning" */ = {
			isa = XCConfigurationList;
			buildConfigurations = (
				0326D3401AC5557D0034391C /* Debug */,
				0326D3411AC5557D0034391C /* Release */,
			);
			defaultConfigurationIsVisible = 0;
			defaultConfigurationName = Release;
		};
		0326D3421AC5557D0034391C /* Build configuration list for PBXNativeTarget "dela-eRedovisning" */ = {
			isa = XCConfigurationList;
			buildConfigurations = (
				0326D3431AC5557D0034391C /* Debug */,
				0326D3441AC5557D0034391C /* Release */,
			);
			defaultConfigurationIsVisible = 0;
			defaultConfigurationName = Release;
		};
/* End XCConfigurationList section */
	};
	rootObject = 0326D3331AC5557D0034391C /* Project object */;
}
